
Microsoft Visual Studio Solution File, Format Version 12.00
# Visual Studio 15
Project("{FAE04EC0-301F-11D3-BF4B-00C04F79EFBC}") = "Assembly-CSharp", "Assembly-CSharp.csproj", "{705BC960-8304-05D9-D16B-3E290ED86913}"
EndProject
Project("{FAE04EC0-301F-11D3-BF4B-00C04F79EFBC}") = "GoogleMobileAds.Editor", "GoogleMobileAds.Editor.csproj", "{609E3C5C-7FF5-383D-CCEA-1B88417673A2}"
EndProject
Project("{FAE04EC0-301F-11D3-BF4B-00C04F79EFBC}") = "Assembly-CSharp-Editor", "Assembly-CSharp-Editor.csproj", "{FEF08654-3851-90DC-44BC-8B7B3770789E}"
EndProject
Global
	GlobalSection(SolutionConfigurationPlatforms) = preSolution
		Debug|Any CPU = Debug|Any CPU
		Release|Any CPU = Release|Any CPU
	EndGlobalSection
	GlobalSection(ProjectConfigurationPlatforms) = postSolution
		{705BC960-8304-05D9-D16B-3E290ED86913}.Debug|Any CPU.ActiveCfg = Debug|Any CPU
		{705BC960-8304-05D9-D16B-3E290ED86913}.Debug|Any CPU.Build.0 = Debug|Any CPU
		{705BC960-8304-05D9-D16B-3E290ED86913}.Release|Any CPU.ActiveCfg = Release|Any CPU
		{705BC960-8304-05D9-D16B-3E290ED86913}.Release|Any CPU.Build.0 = Release|Any CPU
		{609E3C5C-7FF5-383D-CCEA-1B88417673A2}.Debug|Any CPU.ActiveCfg = Debug|Any CPU
		{609E3C5C-7FF5-383D-CCEA-1B88417673A2}.Debug|Any CPU.Build.0 = Debug|Any CPU
		{609E3C5C-7FF5-383D-CCEA-1B88417673A2}.Release|Any CPU.ActiveCfg = Release|Any CPU
		{609E3C5C-7FF5-383D-CCEA-1B88417673A2}.Release|Any CPU.Build.0 = Release|Any CPU
		{FEF08654-3851-90DC-44BC-8B7B3770789E}.Debug|Any CPU.ActiveCfg = Debug|Any CPU
		{FEF08654-3851-90DC-44BC-8B7B3770789E}.Debug|Any CPU.Build.0 = Debug|Any CPU
		{FEF08654-3851-90DC-44BC-8B7B3770789E}.Release|Any CPU.ActiveCfg = Release|Any CPU
		{FEF08654-3851-90DC-44BC-8B7B3770789E}.Release|Any CPU.Build.0 = Release|Any CPU
	EndGlobalSection
	GlobalSection(SolutionProperties) = preSolution
		HideSolutionNode = FALSE
	EndGlobalSection
EndGlobal
